{
    "_meta": {
        "hash": {
            "sha256": "264993eb02f8ff194f0ea29695cbb1bc15cbffd8de9affd6bd172a94d01079e4"
        },
        "pipfile-spec": 6,
        "requires": {
            "python_version": "3.11"
        },
        "sources": [
            {
                "name": "pypi",
                "url": "https://pypi.org/simple",
                "verify_ssl": true
            }
        ]
    },
    "default": {
        "otsutil": {
            "hashes": [
                "sha256:bf8c3bc7eddb40011ec5552bd186665a5092ea3f87dea027f5cdbbd1803ee924"
            ],
            "index": "pypi",
            "markers": "python_version >= '3.10'",
            "version": "==1.1.2.310"
        },
        "otsuvalidator": {
            "hashes": [
                "sha256:1be10270236e7637b5d98e0da33dd357e2db066509f821421a31ec0d026b1e48",
                "sha256:dd68c43bd5e2f831b558de998bb68ae3df9534ce464f48def6c961f7846b2524"
            ],
            "index": "pypi",
            "markers": "python_version >= '3.8'",
            "version": "==2.0.1"
        },
        "otsuwinapi": {
            "hashes": [
                "sha256:8d3cd4c69b70af2a28aa145e428c7eb879462ed17c412b4d90db6a3be6afad9b",
                "sha256:fdea03dd1907128f8b5155c579c4e4fda89521182a35802609fb32269e693143"
            ],
            "index": "pypi",
            "version": "==2022.11.30"
        }
    },
    "develop": {}
}
