{
    "_meta": {
        "hash": {
            "sha256": "264993eb02f8ff194f0ea29695cbb1bc15cbffd8de9affd6bd172a94d01079e4"
        },
        "pipfile-spec": 6,
        "requires": {
            "python_version": "3.11"
        },
        "sources": [
            {
                "name": "pypi",
                "url": "https://pypi.org/simple",
                "verify_ssl": true
            }
        ]
    },
    "default": {
        "otsutil": {
            "hashes": [
                "sha256:7c0a01ba68230758673e4caf57bcd55128d401f16f9fb457c11de7659371b06b"
            ],
            "index": "pypi",
            "markers": "python_version >= '3.10'",
            "version": "==1.2.2.310"
        },
        "otsuvalidator": {
            "hashes": [
                "sha256:1be10270236e7637b5d98e0da33dd357e2db066509f821421a31ec0d026b1e48",
                "sha256:dd68c43bd5e2f831b558de998bb68ae3df9534ce464f48def6c961f7846b2524"
            ],
            "index": "pypi",
            "markers": "python_version >= '3.8'",
            "version": "==2.0.1"
        },
        "otsuwinapi": {
            "hashes": [
                "sha256:7a525ee1dd22b63e1d84fc6e6e3f7f03c93002480ec77d3b9576b1d54ef142f3"
            ],
            "index": "pypi",
            "markers": "python_version >= '3.11'",
            "version": "==1.5.0.311"
        }
    },
    "develop": {}
}
